Microsoft Visual Studio Solution File, Format Version 12.00
# Visual Studio Version 17
VisualStudioVersion = 17.4.33213.308
MinimumVisualStudioVersion = 10.0.40219.1
Project("{2150E333-8FDC-42A3-9474-1A3956D46DE8}") = "src", "src", "{831DDCA2-7D2C-4C31-80DB-6BDB3E1F7AE0}"
EndProject
Project("{2150E333-8FDC-42A3-9474-1A3956D46DE8}") = "samples", "samples", "{FA3720F1-C99A-49B2-9577-A940257098BF}"
	ProjectSection(SolutionItems) = preProject
		..\samples\dotnet\Directory.Build.props = ..\samples\dotnet\Directory.Build.props
		..\samples\dotnet\Directory.Build.targets = ..\samples\dotnet\Directory.Build.targets
		..\samples\dotnet\Directory.Packages.props = ..\samples\dotnet\Directory.Packages.props
	EndProjectSection
EndProject
Project("{9A19103F-16F7-4668-BE54-9A1E7A4F7556}") = "IntegrationTests", "src\IntegrationTests\IntegrationTests.csproj", "{E4B777A1-28E1-41BE-96AE-7F3EC61FD5D4}"
EndProject
Project("{2150E333-8FDC-42A3-9474-1A3956D46DE8}") = "Solution Items", "Solution Items", "{158A4E5E-AEE0-4D60-83C7-8E089B2D881D}"
	ProjectSection(SolutionItems) = preProject
		..\.editorconfig = ..\.editorconfig
		..\.gitignore = ..\.gitignore
		Directory.Build.props = Directory.Build.props
		Directory.Packages.props = Directory.Packages.props
		..\.github\workflows\dotnet-format.yml = ..\.github\workflows\dotnet-format.yml
		..\nuget.config = ..\nuget.config
		..\README.md = ..\README.md
	EndProjectSection
EndProject
Project("{2150E333-8FDC-42A3-9474-1A3956D46DE8}") = "nuget", "nuget", "{F4243136-252A-4459-A7C4-EE8C056D6B0B}"
	ProjectSection(SolutionItems) = preProject
		nuget\icon.png = nuget\icon.png
		nuget\nuget-package.props = nuget\nuget-package.props
		nuget\NUGET.md = nuget\NUGET.md
	EndProjectSection
EndProject
Project("{2150E333-8FDC-42A3-9474-1A3956D46DE8}") = "connectors", "connectors", "{0247C2C9-86C3-45BA-8873-28B0948EDC0C}"
EndProject
Project("{9A19103F-16F7-4668-BE54-9A1E7A4F7556}") = "Connectors.UnitTests", "src\Connectors\Connectors.UnitTests\Connectors.UnitTests.csproj", "{EB3FC57F-E591-4C88-BCD5-B6A1BC635168}"
EndProject
Project("{2150E333-8FDC-42A3-9474-1A3956D46DE8}") = "InternalUtilities", "InternalUtilities", "{4D3DAE63-41C6-4E1C-A35A-E77BDFC40675}"
EndProject
Project("{2150E333-8FDC-42A3-9474-1A3956D46DE8}") = "test", "test", "{5C246969-D794-4EC3-8E8F-F90D4D166420}"
	ProjectSection(SolutionItems) = preProject
		src\InternalUtilities\test\AssertExtensions.cs = src\InternalUtilities\test\AssertExtensions.cs
		src\InternalUtilities\test\FunctionHelpers.cs = src\InternalUtilities\test\FunctionHelpers.cs
		src\InternalUtilities\test\RedirectOutput.cs = src\InternalUtilities\test\RedirectOutput.cs
		src\InternalUtilities\test\TestInternalUtilities.props = src\InternalUtilities\test\TestInternalUtilities.props
	EndProjectSection
EndProject
Project("{2150E333-8FDC-42A3-9474-1A3956D46DE8}") = "src", "src", "{958AD708-F048-4FAF-94ED-D2F2B92748B9}"
	ProjectSection(SolutionItems) = preProject
		src\InternalUtilities\src\InternalUtilities.props = src\InternalUtilities\src\InternalUtilities.props
	EndProjectSection
EndProject
Project("{2150E333-8FDC-42A3-9474-1A3956D46DE8}") = "Diagnostics", "Diagnostics", "{29E7D971-1308-4171-9872-E8E4669A1134}"
	ProjectSection(SolutionItems) = preProject
		src\InternalUtilities\src\Diagnostics\CompilerServicesAttributes.cs = src\InternalUtilities\src\Diagnostics\CompilerServicesAttributes.cs
		src\InternalUtilities\src\Diagnostics\ExceptionExtensions.cs = src\InternalUtilities\src\Diagnostics\ExceptionExtensions.cs
		src\InternalUtilities\src\Diagnostics\HttpStatusCodeType.cs = src\InternalUtilities\src\Diagnostics\HttpStatusCodeType.cs
		src\InternalUtilities\src\Diagnostics\NullableAttributes.cs = src\InternalUtilities\src\Diagnostics\NullableAttributes.cs
		src\IntegrationTests\RedirectOutput.cs = src\IntegrationTests\RedirectOutput.cs
		src\InternalUtilities\src\Diagnostics\Verify.cs = src\InternalUtilities\src\Diagnostics\Verify.cs
	EndProjectSection
EndProject
Project("{2150E333-8FDC-42A3-9474-1A3956D46DE8}") = "Linq", "Linq", "{B00AD427-0047-4850-BEF9-BA8237EA9D8B}"
	ProjectSection(SolutionItems) = preProject
		src\InternalUtilities\src\Linq\AsyncEnumerable.cs = src\InternalUtilities\src\Linq\AsyncEnumerable.cs
	EndProjectSection
EndProject
Project("{2150E333-8FDC-42A3-9474-1A3956D46DE8}") = "Text", "Text", "{DB950192-30F1-48B1-88D7-F43FECCA1A1C}"
	ProjectSection(SolutionItems) = preProject
		src\InternalUtilities\src\Text\Json.cs = src\InternalUtilities\src\Text\Json.cs
		src\InternalUtilities\src\Text\StringExtensions.cs = src\InternalUtilities\src\Text\StringExtensions.cs
	EndProjectSection
EndProject
Project("{2150E333-8FDC-42A3-9474-1A3956D46DE8}") = "Http", "Http", "{1C19D805-3573-4477-BF07-40180FCDE1BD}"
	ProjectSection(SolutionItems) = preProject
		src\InternalUtilities\src\Http\HttpClientProvider.cs = src\InternalUtilities\src\Http\HttpClientProvider.cs
		src\InternalUtilities\src\Http\NonDisposableHttpClientHandler.cs = src\InternalUtilities\src\Http\NonDisposableHttpClientHandler.cs
	EndProjectSection
EndProject
Project("{2150E333-8FDC-42A3-9474-1A3956D46DE8}") = "System", "System", "{3CDE10B2-AE8F-4FC4-8D55-92D4AD32E144}"
	ProjectSection(SolutionItems) = preProject
		src\InternalUtilities\src\System\EnvExtensions.cs = src\InternalUtilities\src\System\EnvExtensions.cs
	EndProjectSection
EndProject
Project("{9A19103F-16F7-4668-BE54-9A1E7A4F7556}") = "Connectors.AI.Oobabooga", "src\Connectors\Connectors.AI.Oobabooga\Connectors.AI.Oobabooga.csproj", "{677F1381-7830-4115-9C1A-58B282629DC6}"
EndProject
Project("{9A19103F-16F7-4668-BE54-9A1E7A4F7556}") = "Connectors.AI.MultiConnector", "src\Connectors\Connectors.AI.MultiConnector\Connectors.AI.MultiConnector.csproj", "{A1C7B64B-0BB0-4CBE-8B1B-BC5EF02490FD}"
EndProject
Global
	GlobalSection(SolutionConfigurationPlatforms) = preSolution
		Debug|Any CPU = Debug|Any CPU
		Publish|Any CPU = Publish|Any CPU
		Release|Any CPU = Release|Any CPU
	EndGlobalSection
	GlobalSection(ProjectConfigurationPlatforms) = postSolution
		{E4B777A1-28E1-41BE-96AE-7F3EC61FD5D4}.Debug|Any CPU.ActiveCfg = Debug|Any CPU
		{E4B777A1-28E1-41BE-96AE-7F3EC61FD5D4}.Debug|Any CPU.Build.0 = Debug|Any CPU
		{E4B777A1-28E1-41BE-96AE-7F3EC61FD5D4}.Publish|Any CPU.ActiveCfg = Release|Any CPU
		{E4B777A1-28E1-41BE-96AE-7F3EC61FD5D4}.Publish|Any CPU.Build.0 = Release|Any CPU
		{E4B777A1-28E1-41BE-96AE-7F3EC61FD5D4}.Release|Any CPU.ActiveCfg = Release|Any CPU
		{E4B777A1-28E1-41BE-96AE-7F3EC61FD5D4}.Release|Any CPU.Build.0 = Release|Any CPU
		{EB3FC57F-E591-4C88-BCD5-B6A1BC635168}.Debug|Any CPU.ActiveCfg = Debug|Any CPU
		{EB3FC57F-E591-4C88-BCD5-B6A1BC635168}.Debug|Any CPU.Build.0 = Debug|Any CPU
		{EB3FC57F-E591-4C88-BCD5-B6A1BC635168}.Publish|Any CPU.ActiveCfg = Release|Any CPU
		{EB3FC57F-E591-4C88-BCD5-B6A1BC635168}.Publish|Any CPU.Build.0 = Release|Any CPU
		{EB3FC57F-E591-4C88-BCD5-B6A1BC635168}.Release|Any CPU.ActiveCfg = Release|Any CPU
		{EB3FC57F-E591-4C88-BCD5-B6A1BC635168}.Release|Any CPU.Build.0 = Release|Any CPU
		{677F1381-7830-4115-9C1A-58B282629DC6}.Debug|Any CPU.ActiveCfg = Debug|Any CPU
		{677F1381-7830-4115-9C1A-58B282629DC6}.Debug|Any CPU.Build.0 = Debug|Any CPU
		{677F1381-7830-4115-9C1A-58B282629DC6}.Publish|Any CPU.ActiveCfg = Publish|Any CPU
		{677F1381-7830-4115-9C1A-58B282629DC6}.Publish|Any CPU.Build.0 = Publish|Any CPU
		{677F1381-7830-4115-9C1A-58B282629DC6}.Release|Any CPU.ActiveCfg = Release|Any CPU
		{677F1381-7830-4115-9C1A-58B282629DC6}.Release|Any CPU.Build.0 = Release|Any CPU
		{A1C7B64B-0BB0-4CBE-8B1B-BC5EF02490FD}.Debug|Any CPU.ActiveCfg = Debug|Any CPU
		{A1C7B64B-0BB0-4CBE-8B1B-BC5EF02490FD}.Debug|Any CPU.Build.0 = Debug|Any CPU
		{A1C7B64B-0BB0-4CBE-8B1B-BC5EF02490FD}.Publish|Any CPU.ActiveCfg = Publish|Any CPU
		{A1C7B64B-0BB0-4CBE-8B1B-BC5EF02490FD}.Publish|Any CPU.Build.0 = Publish|Any CPU
		{A1C7B64B-0BB0-4CBE-8B1B-BC5EF02490FD}.Release|Any CPU.ActiveCfg = Release|Any CPU
		{A1C7B64B-0BB0-4CBE-8B1B-BC5EF02490FD}.Release|Any CPU.Build.0 = Release|Any CPU
	EndGlobalSection
	GlobalSection(SolutionProperties) = preSolution
		HideSolutionNode = FALSE
	EndGlobalSection
	GlobalSection(NestedProjects) = preSolution
		{E4B777A1-28E1-41BE-96AE-7F3EC61FD5D4} = {831DDCA2-7D2C-4C31-80DB-6BDB3E1F7AE0}
		{F4243136-252A-4459-A7C4-EE8C056D6B0B} = {158A4E5E-AEE0-4D60-83C7-8E089B2D881D}
		{0247C2C9-86C3-45BA-8873-28B0948EDC0C} = {831DDCA2-7D2C-4C31-80DB-6BDB3E1F7AE0}
		{EB3FC57F-E591-4C88-BCD5-B6A1BC635168} = {0247C2C9-86C3-45BA-8873-28B0948EDC0C}
		{4D3DAE63-41C6-4E1C-A35A-E77BDFC40675} = {831DDCA2-7D2C-4C31-80DB-6BDB3E1F7AE0}
		{5C246969-D794-4EC3-8E8F-F90D4D166420} = {4D3DAE63-41C6-4E1C-A35A-E77BDFC40675}
		{958AD708-F048-4FAF-94ED-D2F2B92748B9} = {4D3DAE63-41C6-4E1C-A35A-E77BDFC40675}
		{29E7D971-1308-4171-9872-E8E4669A1134} = {958AD708-F048-4FAF-94ED-D2F2B92748B9}
		{B00AD427-0047-4850-BEF9-BA8237EA9D8B} = {958AD708-F048-4FAF-94ED-D2F2B92748B9}
		{DB950192-30F1-48B1-88D7-F43FECCA1A1C} = {958AD708-F048-4FAF-94ED-D2F2B92748B9}
		{1C19D805-3573-4477-BF07-40180FCDE1BD} = {958AD708-F048-4FAF-94ED-D2F2B92748B9}
		{3CDE10B2-AE8F-4FC4-8D55-92D4AD32E144} = {958AD708-F048-4FAF-94ED-D2F2B92748B9}
		{677F1381-7830-4115-9C1A-58B282629DC6} = {0247C2C9-86C3-45BA-8873-28B0948EDC0C}
		{A1C7B64B-0BB0-4CBE-8B1B-BC5EF02490FD} = {0247C2C9-86C3-45BA-8873-28B0948EDC0C}
	EndGlobalSection
	GlobalSection(ExtensibilityGlobals) = postSolution
		SolutionGuid = {FBDC56A3-86AD-4323-AA0F-201E59123B83}
	EndGlobalSection
EndGlobal
